
Microsoft Visual Studio Solution File, Format Version 12.00
# Visual Studio Version 16
VisualStudioVersion = 16.0.29503.13
MinimumVisualStudioVersion = 10.0.40219.1
Project("{FAE04EC0-301F-11D3-BF4B-00C04F79EFBC}") = "HackerBot", "HackerBot\HackerBot.csproj", "{A5AFCA65-C8D1-4594-A255-7CE1FC2ECAFE}"
EndProject
Global
	GlobalSection(SolutionConfigurationPlatforms) = preSolution
		Debug|Any CPU = Debug|Any CPU
		Release|Any CPU = Release|Any CPU
	EndGlobalSection
	GlobalSection(ProjectConfigurationPlatforms) = postSolution
		{A5AFCA65-C8D1-4594-A255-7CE1FC2ECAFE}.Debug|Any CPU.ActiveCfg = Debug|Any CPU
		{A5AFCA65-C8D1-4594-A255-7CE1FC2ECAFE}.Debug|Any CPU.Build.0 = Debug|Any CPU
		{A5AFCA65-C8D1-4594-A255-7CE1FC2ECAFE}.Release|Any CPU.ActiveCfg = Release|Any CPU
		{A5AFCA65-C8D1-4594-A255-7CE1FC2ECAFE}.Release|Any CPU.Build.0 = Release|Any CPU
	EndGlobalSection
	GlobalSection(SolutionProperties) = preSolution
		HideSolutionNode = FALSE
	EndGlobalSection
	GlobalSection(ExtensibilityGlobals) = postSolution
		SolutionGuid = {F07631A4-273C-4972-B963-5F2DB7E1C427}
	EndGlobalSection
EndGlobal
